// !$*UTF8*$!
{
	archiveVersion = 1;
	classes = {
	};
	objectVersion = 50;
	objects = {

/* Begin PBXBuildFile section */
		05099588814A400FE0F185DA /* Pods_Rx_day1UITests.framework in Frameworks */ = {isa = PBXBuildFile; fileRef = CAB5CA618C63885438EDEB04 /* Pods_Rx_day1UITests.framework */; };
		82EF957AEBA2C762904CB2E6 /* Pods_Rx_day1Tests.framework in Frameworks */ = {isa = PBXBuildFile; fileRef = 9255EFB93BF1020CB42D8BD9 /* Pods_Rx_day1Tests.framework */; };
		E1090A10213D1301008094BF /* RxDay3ViewController.swift in Sources */ = {isa = PBXBuildFile; fileRef = E1090A0F213D1301008094BF /* RxDay3ViewController.swift */; };
		E10BE31C2147E8E500FE7B80 /* MoyaViewController.swift in Sources */ = {isa = PBXBuildFile; fileRef = E10BE31B2147E8E500FE7B80 /* MoyaViewController.swift */; };
		E10BE31E2147EB1400FE7B80 /* DouBanAPI.swift in Sources */ = {isa = PBXBuildFile; fileRef = E10BE31D2147EB1400FE7B80 /* DouBanAPI.swift */; };
		E169638E211041C700195881 /* SimpleValidationViewController.swift in Sources */ = {isa = PBXBuildFile; fileRef = E169638C211041C700195881 /* SimpleValidationViewController.swift */; };
		E169638F211041C700195881 /* SimpleValidationViewController.xib in Resources */ = {isa = PBXBuildFile; fileRef = E169638D211041C700195881 /* SimpleValidationViewController.xib */; };
		E16963922111A44300195881 /* PDFViewController.swift in Sources */ = {isa = PBXBuildFile; fileRef = E16963902111A44300195881 /* PDFViewController.swift */; };
		E16963932111A44300195881 /* PDFViewController.xib in Resources */ = {isa = PBXBuildFile; fileRef = E16963912111A44300195881 /* PDFViewController.xib */; };
		E16963972111A9E000195881 /* PDF.pdf in Resources */ = {isa = PBXBuildFile; fileRef = E16963962111A9E000195881 /* PDF.pdf */; };
		E169D96C21C9F2C800FA6CEE /* MJRefresh+Rx.swift in Sources */ = {isa = PBXBuildFile; fileRef = E169D96B21C9F2C800FA6CEE /* MJRefresh+Rx.swift */; };
		E169D96E21CA1B2300FA6CEE /* RxMJRefreshViewController.swift in Sources */ = {isa = PBXBuildFile; fileRef = E169D96D21CA1B2300FA6CEE /* RxMJRefreshViewController.swift */; };
		E169D97121CA1B9700FA6CEE /* RefreshService.swift in Sources */ = {isa = PBXBuildFile; fileRef = E169D97021CA1B9700FA6CEE /* RefreshService.swift */; };
		E169D97321CA1CF900FA6CEE /* ViewModel.swift in Sources */ = {isa = PBXBuildFile; fileRef = E169D97221CA1CF900FA6CEE /* ViewModel.swift */; };
		E19979512134F6D1003D773B /* MusicViewController.swift in Sources */ = {isa = PBXBuildFile; fileRef = E19979502134F6D1003D773B /* MusicViewController.swift */; };
		E1D5C837214936BA00B0711B /* HttpbinAPI.swift in Sources */ = {isa = PBXBuildFile; fileRef = E1D5C836214936BA00B0711B /* HttpbinAPI.swift */; };
		E1D5C8392149451E00B0711B /* MoyaNetwork.swift in Sources */ = {isa = PBXBuildFile; fileRef = E1D5C8382149451E00B0711B /* MoyaNetwork.swift */; };
		E1D5C83B2149F86800B0711B /* MyServiceAPI.swift in Sources */ = {isa = PBXBuildFile; fileRef = E1D5C83A2149F86800B0711B /* MyServiceAPI.swift */; };
		E1D5C83D214A53A100B0711B /* CADImageCrop.swift in Sources */ = {isa = PBXBuildFile; fileRef = E1D5C83C214A53A100B0711B /* CADImageCrop.swift */; };
		E1D5C846214A9D5E00B0711B /* RequestAlertPlugin.swift in Sources */ = {isa = PBXBuildFile; fileRef = E1D5C845214A9D5E00B0711B /* RequestAlertPlugin.swift */; };
		E1D5C84A214B592B00B0711B /* MBProgressHUD+Add.m in Sources */ = {isa = PBXBuildFile; fileRef = E1D5C848214B592A00B0711B /* MBProgressHUD+Add.m */; };
		E1D5C84C214B5DD200B0711B /* MBProgressHUD+CAD.swift in Sources */ = {isa = PBXBuildFile; fileRef = E1D5C84B214B5DD200B0711B /* MBProgressHUD+CAD.swift */; };
		E1E9709D2110334600C486EF /* AppDelegate.swift in Sources */ = {isa = PBXBuildFile; fileRef = E1E9709C2110334600C486EF /* AppDelegate.swift */; };
		E1E9709F2110334600C486EF /* ViewController.swift in Sources */ = {isa = PBXBuildFile; fileRef = E1E9709E2110334600C486EF /* ViewController.swift */; };
		E1E970A22110334600C486EF /* Main.storyboard in Resources */ = {isa = PBXBuildFile; fileRef = E1E970A02110334600C486EF /* Main.storyboard */; };
		E1E970A42110334600C486EF /* Assets.xcassets in Resources */ = {isa = PBXBuildFile; fileRef = E1E970A32110334600C486EF /* Assets.xcassets */; };
		E1E970A72110334600C486EF /* LaunchScreen.storyboard in Resources */ = {isa = PBXBuildFile; fileRef = E1E970A52110334600C486EF /* LaunchScreen.storyboard */; };
		E1E970B22110334700C486EF /* Rx_day1Tests.swift in Sources */ = {isa = PBXBuildFile; fileRef = E1E970B12110334700C486EF /* Rx_day1Tests.swift */; };
		E1E970BD2110334700C486EF /* Rx_day1UITests.swift in Sources */ = {isa = PBXBuildFile; fileRef = E1E970BC2110334700C486EF /* Rx_day1UITests.swift */; };
		E1E970CC2110349300C486EF /* MusicListViewModel.swift in Sources */ = {isa = PBXBuildFile; fileRef = E1E970CA2110349200C486EF /* MusicListViewModel.swift */; };
		E1E970CD2110349300C486EF /* MusicModel.swift in Sources */ = {isa = PBXBuildFile; fileRef = E1E970CB2110349200C486EF /* MusicModel.swift */; };
		F219A728BC4C4867058F471F /* Pods_Rx_day1.framework in Frameworks */ = {isa = PBXBuildFile; fileRef = 5B1D23767A218AC5B567CE70 /* Pods_Rx_day1.framework */; };
/* End PBXBuildFile section */

/* Begin PBXContainerItemProxy section */
		E1E970AE2110334700C486EF /* PBXContainerItemProxy */ = {
			isa = PBXContainerItemProxy;
			containerPortal = E1E970912110334600C486EF /* Project object */;
			proxyType = 1;
			remoteGlobalIDString = E1E970982110334600C486EF;
			remoteInfo = Rx_day1;
		};
		E1E970B92110334700C486EF /* PBXContainerItemProxy */ = {
			isa = PBXContainerItemProxy;
			containerPortal = E1E970912110334600C486EF /* Project object */;
			proxyType = 1;
			remoteGlobalIDString = E1E970982110334600C486EF;
			remoteInfo = Rx_day1;
		};
/* End PBXContainerItemProxy section */

/* Begin PBXFileReference section */
		0180C7C39E95FA2C19EFA304 /* Pods-Rx_day1.release.xcconfig */ = {isa = PBXFileReference; includeInIndex = 1; lastKnownFileType = text.xcconfig; name = "Pods-Rx_day1.release.xcconfig"; path = "Pods/Target Support Files/Pods-Rx_day1/Pods-Rx_day1.release.xcconfig"; sourceTree = "<group>"; };
		312A899203A059AE44F100F9 /* Pods-Rx_day1.debug.xcconfig */ = {isa = PBXFileReference; includeInIndex = 1; lastKnownFileType = text.xcconfig; name = "Pods-Rx_day1.debug.xcconfig"; path = "Pods/Target Support Files/Pods-Rx_day1/Pods-Rx_day1.debug.xcconfig"; sourceTree = "<group>"; };
		5B020F9D240577514570CBF7 /* Pods-Rx_day1Tests.release.xcconfig */ = {isa = PBXFileReference; includeInIndex = 1; lastKnownFileType = text.xcconfig; name = "Pods-Rx_day1Tests.release.xcconfig"; path = "Pods/Target Support Files/Pods-Rx_day1Tests/Pods-Rx_day1Tests.release.xcconfig"; sourceTree = "<group>"; };
		5B1D23767A218AC5B567CE70 /* Pods_Rx_day1.framework */ = {isa = PBXFileReference; explicitFileType = wrapper.framework; includeInIndex = 0; path = Pods_Rx_day1.framework; sourceTree = BUILT_PRODUCTS_DIR; };
		6B858A82C7232F770E18AFB3 /* Pods-Rx_day1Tests.debug.xcconfig */ = {isa = PBXFileReference; includeInIndex = 1; lastKnownFileType = text.xcconfig; name = "Pods-Rx_day1Tests.debug.xcconfig"; path = "Pods/Target Support Files/Pods-Rx_day1Tests/Pods-Rx_day1Tests.debug.xcconfig"; sourceTree = "<group>"; };
		9255EFB93BF1020CB42D8BD9 /* Pods_Rx_day1Tests.framework */ = {isa = PBXFileReference; explicitFileType = wrapper.framework; includeInIndex = 0; path = Pods_Rx_day1Tests.framework; sourceTree = BUILT_PRODUCTS_DIR; };
		CAB5CA618C63885438EDEB04 /* Pods_Rx_day1UITests.framework */ = {isa = PBXFileReference; explicitFileType = wrapper.framework; includeInIndex = 0; path = Pods_Rx_day1UITests.framework; sourceTree = BUILT_PRODUCTS_DIR; };
		E1090A0F213D1301008094BF /* RxDay3ViewController.swift */ = {isa = PBXFileReference; lastKnownFileType = sourcecode.swift; path = RxDay3ViewController.swift; sourceTree = "<group>"; };
		E10BE31B2147E8E500FE7B80 /* MoyaViewController.swift */ = {isa = PBXFileReference; lastKnownFileType = sourcecode.swift; path = MoyaViewController.swift; sourceTree = "<group>"; };
		E10BE31D2147EB1400FE7B80 /* DouBanAPI.swift */ = {isa = PBXFileReference; lastKnownFileType = sourcecode.swift; path = DouBanAPI.swift; sourceTree = "<group>"; };
		E169638C211041C700195881 /* SimpleValidationViewController.swift */ = {isa = PBXFileReference; lastKnownFileType = sourcecode.swift; path = SimpleValidationViewController.swift; sourceTree = "<group>"; };
		E169638D211041C700195881 /* SimpleValidationViewController.xib */ = {isa = PBXFileReference; lastKnownFileType = file.xib; path = SimpleValidationViewController.xib; sourceTree = "<group>"; };
		E16963902111A44300195881 /* PDFViewController.swift */ = {isa = PBXFileReference; lastKnownFileType = sourcecode.swift; path = PDFViewController.swift; sourceTree = "<group>"; };
		E16963912111A44300195881 /* PDFViewController.xib */ = {isa = PBXFileReference; lastKnownFileType = file.xib; path = PDFViewController.xib; sourceTree = "<group>"; };
		E16963962111A9E000195881 /* PDF.pdf */ = {isa = PBXFileReference; lastKnownFileType = image.pdf; path = PDF.pdf; sourceTree = "<group>"; };
		E169D96B21C9F2C800FA6CEE /* MJRefresh+Rx.swift */ = {isa = PBXFileReference; lastKnownFileType = sourcecode.swift; path = "MJRefresh+Rx.swift"; sourceTree = "<group>"; };
		E169D96D21CA1B2300FA6CEE /* RxMJRefreshViewController.swift */ = {isa = PBXFileReference; lastKnownFileType = sourcecode.swift; path = RxMJRefreshViewController.swift; sourceTree = "<group>"; };
		E169D97021CA1B9700FA6CEE /* RefreshService.swift */ = {isa = PBXFileReference; lastKnownFileType = sourcecode.swift; path = RefreshService.swift; sourceTree = "<group>"; };
		E169D97221CA1CF900FA6CEE /* ViewModel.swift */ = {isa = PBXFileReference; lastKnownFileType = sourcecode.swift; path = ViewModel.swift; sourceTree = "<group>"; };
		E19979502134F6D1003D773B /* MusicViewController.swift */ = {isa = PBXFileReference; lastKnownFileType = sourcecode.swift; path = MusicViewController.swift; sourceTree = "<group>"; };
		E1D5C836214936BA00B0711B /* HttpbinAPI.swift */ = {isa = PBXFileReference; lastKnownFileType = sourcecode.swift; path = HttpbinAPI.swift; sourceTree = "<group>"; };
		E1D5C8382149451E00B0711B /* MoyaNetwork.swift */ = {isa = PBXFileReference; lastKnownFileType = sourcecode.swift; path = MoyaNetwork.swift; sourceTree = "<group>"; };
		E1D5C83A2149F86800B0711B /* MyServiceAPI.swift */ = {isa = PBXFileReference; lastKnownFileType = sourcecode.swift; path = MyServiceAPI.swift; sourceTree = "<group>"; };
		E1D5C83C214A53A100B0711B /* CADImageCrop.swift */ = {isa = PBXFileReference; lastKnownFileType = sourcecode.swift; path = CADImageCrop.swift; sourceTree = "<group>"; };
		E1D5C845214A9D5E00B0711B /* RequestAlertPlugin.swift */ = {isa = PBXFileReference; lastKnownFileType = sourcecode.swift; path = RequestAlertPlugin.swift; sourceTree = "<group>"; };
		E1D5C848214B592A00B0711B /* MBProgressHUD+Add.m */ = {isa = PBXFileReference; fileEncoding = 4; lastKnownFileType = sourcecode.c.objc; path = "MBProgressHUD+Add.m"; sourceTree = "<group>"; };
		E1D5C849214B592A00B0711B /* MBProgressHUD+Add.h */ = {isa = PBXFileReference; fileEncoding = 4; lastKnownFileType = sourcecode.c.h; path = "MBProgressHUD+Add.h"; sourceTree = "<group>"; };
		E1D5C84B214B5DD200B0711B /* MBProgressHUD+CAD.swift */ = {isa = PBXFileReference; lastKnownFileType = sourcecode.swift; path = "MBProgressHUD+CAD.swift"; sourceTree = "<group>"; };
		E1E970992110334600C486EF /* Rx_day1.app */ = {isa = PBXFileReference; explicitFileType = wrapper.application; includeInIndex = 0; path = Rx_day1.app; sourceTree = BUILT_PRODUCTS_DIR; };
		E1E9709C2110334600C486EF /* AppDelegate.swift */ = {isa = PBXFileReference; lastKnownFileType = sourcecode.swift; path = AppDelegate.swift; sourceTree = "<group>"; };
		E1E9709E2110334600C486EF /* ViewController.swift */ = {isa = PBXFileReference; lastKnownFileType = sourcecode.swift; path = ViewController.swift; sourceTree = "<group>"; };
		E1E970A12110334600C486EF /* Base */ = {isa = PBXFileReference; lastKnownFileType = file.storyboard; name = Base; path = Base.lproj/Main.storyboard; sourceTree = "<group>"; };
		E1E970A32110334600C486EF /* Assets.xcassets */ = {isa = PBXFileReference; lastKnownFileType = folder.assetcatalog; path = Assets.xcassets; sourceTree = "<group>"; };
		E1E970A62110334600C486EF /* Base */ = {isa = PBXFileReference; lastKnownFileType = file.storyboard; name = Base; path = Base.lproj/LaunchScreen.storyboard; sourceTree = "<group>"; };
		E1E970A82110334600C486EF /* Info.plist */ = {isa = PBXFileReference; lastKnownFileType = text.plist.xml; path = Info.plist; sourceTree = "<group>"; };
		E1E970AD2110334700C486EF /* Rx_day1Tests.xctest */ = {isa = PBXFileReference; explicitFileType = wrapper.cfbundle; includeInIndex = 0; path = Rx_day1Tests.xctest; sourceTree = BUILT_PRODUCTS_DIR; };
		E1E970B12110334700C486EF /* Rx_day1Tests.swift */ = {isa = PBXFileReference; lastKnownFileType = sourcecode.swift; path = Rx_day1Tests.swift; sourceTree = "<group>"; };
		E1E970B32110334700C486EF /* Info.plist */ = {isa = PBXFileReference; lastKnownFileType = text.plist.xml; path = Info.plist; sourceTree = "<group>"; };
		E1E970B82110334700C486EF /* Rx_day1UITests.xctest */ = {isa = PBXFileReference; explicitFileType = wrapper.cfbundle; includeInIndex = 0; path = Rx_day1UITests.xctest; sourceTree = BUILT_PRODUCTS_DIR; };
		E1E970BC2110334700C486EF /* Rx_day1UITests.swift */ = {isa = PBXFileReference; lastKnownFileType = sourcecode.swift; path = Rx_day1UITests.swift; sourceTree = "<group>"; };
		E1E970BE2110334700C486EF /* Info.plist */ = {isa = PBXFileReference; lastKnownFileType = text.plist.xml; path = Info.plist; sourceTree = "<group>"; };
		E1E970CA2110349200C486EF /* MusicListViewModel.swift */ = {isa = PBXFileReference; fileEncoding = 4; lastKnownFileType = sourcecode.swift; path = MusicListViewModel.swift; sourceTree = "<group>"; };
		E1E970CB2110349200C486EF /* MusicModel.swift */ = {isa = PBXFileReference; fileEncoding = 4; lastKnownFileType = sourcecode.swift; path = MusicModel.swift; sourceTree = "<group>"; };
		E2ABCCFF7C100493225136B9 /* Pods-Rx_day1UITests.debug.xcconfig */ = {isa = PBXFileReference; includeInIndex = 1; lastKnownFileType = text.xcconfig; name = "Pods-Rx_day1UITests.debug.xcconfig"; path = "Pods/Target Support Files/Pods-Rx_day1UITests/Pods-Rx_day1UITests.debug.xcconfig"; sourceTree = "<group>"; };
		F6633293B64DCFB25F15DE86 /* Pods-Rx_day1UITests.release.xcconfig */ = {isa = PBXFileReference; includeInIndex = 1; lastKnownFileType = text.xcconfig; name = "Pods-Rx_day1UITests.release.xcconfig"; path = "Pods/Target Support Files/Pods-Rx_day1UITests/Pods-Rx_day1UITests.release.xcconfig"; sourceTree = "<group>"; };
/* End PBXFileReference section */

/* Begin PBXFrameworksBuildPhase section */
		E1E970962110334600C486EF /* Frameworks */ = {
			isa = PBXFrameworksBuildPhase;
			buildActionMask = 2147483647;
			files = (
				F219A728BC4C4867058F471F /* Pods_Rx_day1.framework in Frameworks */,
			);
			runOnlyForDeploymentPostprocessing = 0;
		};
		E1E970AA2110334700C486EF /* Frameworks */ = {
			isa = PBXFrameworksBuildPhase;
			buildActionMask = 2147483647;
			files = (
				82EF957AEBA2C762904CB2E6 /* Pods_Rx_day1Tests.framework in Frameworks */,
			);
			runOnlyForDeploymentPostprocessing = 0;
		};
		E1E970B52110334700C486EF /* Frameworks */ = {
			isa = PBXFrameworksBuildPhase;
			buildActionMask = 2147483647;
			files = (
				05099588814A400FE0F185DA /* Pods_Rx_day1UITests.framework in Frameworks */,
			);
			runOnlyForDeploymentPostprocessing = 0;
		};
/* End PBXFrameworksBuildPhase section */

/* Begin PBXGroup section */
		40EAEAC48C66C85AD0CFA4B2 /* Frameworks */ = {
			isa = PBXGroup;
			children = (
				5B1D23767A218AC5B567CE70 /* Pods_Rx_day1.framework */,
				9255EFB93BF1020CB42D8BD9 /* Pods_Rx_day1Tests.framework */,
				CAB5CA618C63885438EDEB04 /* Pods_Rx_day1UITests.framework */,
			);
			name = Frameworks;
			sourceTree = "<group>";
		};
		A8CF28C4A858148758D90809 /* Pods */ = {
			isa = PBXGroup;
			children = (
				312A899203A059AE44F100F9 /* Pods-Rx_day1.debug.xcconfig */,
				0180C7C39E95FA2C19EFA304 /* Pods-Rx_day1.release.xcconfig */,
				6B858A82C7232F770E18AFB3 /* Pods-Rx_day1Tests.debug.xcconfig */,
				5B020F9D240577514570CBF7 /* Pods-Rx_day1Tests.release.xcconfig */,
				E2ABCCFF7C100493225136B9 /* Pods-Rx_day1UITests.debug.xcconfig */,
				F6633293B64DCFB25F15DE86 /* Pods-Rx_day1UITests.release.xcconfig */,
			);
			name = Pods;
			sourceTree = "<group>";
		};
		E169D96A21C9F2AF00FA6CEE /* Extension */ = {
			isa = PBXGroup;
			children = (
				E169D96B21C9F2C800FA6CEE /* MJRefresh+Rx.swift */,
			);
			path = Extension;
			sourceTree = "<group>";
		};
		E169D96F21CA1B4A00FA6CEE /* Service */ = {
			isa = PBXGroup;
			children = (
				E169D97021CA1B9700FA6CEE /* RefreshService.swift */,
				E169D97221CA1CF900FA6CEE /* ViewModel.swift */,
			);
			path = Service;
			sourceTree = "<group>";
		};
		E199794F2134F69A003D773B /* Controller */ = {
			isa = PBXGroup;
			children = (
				E19979502134F6D1003D773B /* MusicViewController.swift */,
				E169D96D21CA1B2300FA6CEE /* RxMJRefreshViewController.swift */,
				E1090A0F213D1301008094BF /* RxDay3ViewController.swift */,
				E10BE31B2147E8E500FE7B80 /* MoyaViewController.swift */,
				E10BE31D2147EB1400FE7B80 /* DouBanAPI.swift */,
				E1D5C836214936BA00B0711B /* HttpbinAPI.swift */,
				E1D5C8382149451E00B0711B /* MoyaNetwork.swift */,
				E1D5C83A2149F86800B0711B /* MyServiceAPI.swift */,
				E1D5C845214A9D5E00B0711B /* RequestAlertPlugin.swift */,
				E1D5C83C214A53A100B0711B /* CADImageCrop.swift */,
			);
			path = Controller;
			sourceTree = "<group>";
		};
		E1D5C847214B592A00B0711B /* MBProgressHUD+Add */ = {
			isa = PBXGroup;
			children = (
				E1D5C848214B592A00B0711B /* MBProgressHUD+Add.m */,
				E1D5C849214B592A00B0711B /* MBProgressHUD+Add.h */,
				E1D5C84B214B5DD200B0711B /* MBProgressHUD+CAD.swift */,
			);
			path = "MBProgressHUD+Add";
			sourceTree = "<group>";
		};
		E1E970902110334600C486EF = {
			isa = PBXGroup;
			children = (
				E1E9709B2110334600C486EF /* Rx_day1 */,
				E1E970B02110334700C486EF /* Rx_day1Tests */,
				E1E970BB2110334700C486EF /* Rx_day1UITests */,
				E1E9709A2110334600C486EF /* Products */,
				A8CF28C4A858148758D90809 /* Pods */,
				40EAEAC48C66C85AD0CFA4B2 /* Frameworks */,
			);
			sourceTree = "<group>";
		};
		E1E9709A2110334600C486EF /* Products */ = {
			isa = PBXGroup;
			children = (
				E1E970992110334600C486EF /* Rx_day1.app */,
				E1E970AD2110334700C486EF /* Rx_day1Tests.xctest */,
				E1E970B82110334700C486EF /* Rx_day1UITests.xctest */,
			);
			name = Products;
			sourceTree = "<group>";
		};
		E1E9709B2110334600C486EF /* Rx_day1 */ = {
			isa = PBXGroup;
			children = (
				E169D96F21CA1B4A00FA6CEE /* Service */,
				E169D96A21C9F2AF00FA6CEE /* Extension */,
				E1D5C847214B592A00B0711B /* MBProgressHUD+Add */,
				E199794F2134F69A003D773B /* Controller */,
				E16963962111A9E000195881 /* PDF.pdf */,
				E1E970CA2110349200C486EF /* MusicListViewModel.swift */,
				E1E970CB2110349200C486EF /* MusicModel.swift */,
				E1E9709C2110334600C486EF /* AppDelegate.swift */,
				E1E9709E2110334600C486EF /* ViewController.swift */,
				E169638C211041C700195881 /* SimpleValidationViewController.swift */,
				E169638D211041C700195881 /* SimpleValidationViewController.xib */,
				E16963902111A44300195881 /* PDFViewController.swift */,
				E16963912111A44300195881 /* PDFViewController.xib */,
				E1E970A02110334600C486EF /* Main.storyboard */,
				E1E970A32110334600C486EF /* Assets.xcassets */,
				E1E970A52110334600C486EF /* LaunchScreen.storyboard */,
				E1E970A82110334600C486EF /* Info.plist */,
			);
			path = Rx_day1;
			sourceTree = "<group>";
		};
		E1E970B02110334700C486EF /* Rx_day1Tests */ = {
			isa = PBXGroup;
			children = (
				E1E970B12110334700C486EF /* Rx_day1Tests.swift */,
				E1E970B32110334700C486EF /* Info.plist */,
			);
			path = Rx_day1Tests;
			sourceTree = "<group>";
		};
		E1E970BB2110334700C486EF /* Rx_day1UITests */ = {
			isa = PBXGroup;
			children = (
				E1E970BC2110334700C486EF /* Rx_day1UITests.swift */,
				E1E970BE2110334700C486EF /* Info.plist */,
			);
			path = Rx_day1UITests;
			sourceTree = "<group>";
		};
/* End PBXGroup section */

/* Begin PBXNativeTarget section */
		E1E970982110334600C486EF /* Rx_day1 */ = {
			isa = PBXNativeTarget;
			buildConfigurationList = E1E970C12110334700C486EF /* Build configuration list for PBXNativeTarget "Rx_day1" */;
			buildPhases = (
				B6EDB6C9C43CE9C966D54234 /* [CP] Check Pods Manifest.lock */,
				E1E970952110334600C486EF /* Sources */,
				E1E970962110334600C486EF /* Frameworks */,
				E1E970972110334600C486EF /* Resources */,
				33AEFFAAF2A11C8F43E2CD6F /* [CP] Embed Pods Frameworks */,
			);
			buildRules = (
			);
			dependencies = (
			);
			name = Rx_day1;
			productName = Rx_day1;
			productReference = E1E970992110334600C486EF /* Rx_day1.app */;
			productType = "com.apple.product-type.application";
		};
		E1E970AC2110334700C486EF /* Rx_day1Tests */ = {
			isa = PBXNativeTarget;
			buildConfigurationList = E1E970C42110334700C486EF /* Build configuration list for PBXNativeTarget "Rx_day1Tests" */;
			buildPhases = (
				1FF9A54709E32F127EF2630F /* [CP] Check Pods Manifest.lock */,
				E1E970A92110334700C486EF /* Sources */,
				E1E970AA2110334700C486EF /* Frameworks */,
				E1E970AB2110334700C486EF /* Resources */,
				9408F2A43810DF3A83F58C4A /* [CP] Embed Pods Frameworks */,
			);
			buildRules = (
			);
			dependencies = (
				E1E970AF2110334700C486EF /* PBXTargetDependency */,
			);
			name = Rx_day1Tests;
			productName = Rx_day1Tests;
			productReference = E1E970AD2110334700C486EF /* Rx_day1Tests.xctest */;
			productType = "com.apple.product-type.bundle.unit-test";
		};
		E1E970B72110334700C486EF /* Rx_day1UITests */ = {
			isa = PBXNativeTarget;
			buildConfigurationList = E1E970C72110334700C486EF /* Build configuration list for PBXNativeTarget "Rx_day1UITests" */;
			buildPhases = (
				765BC53F97D4EFC083B321BC /* [CP] Check Pods Manifest.lock */,
				E1E970B42110334700C486EF /* Sources */,
				E1E970B52110334700C486EF /* Frameworks */,
				E1E970B62110334700C486EF /* Resources */,
			);
			buildRules = (
			);
			dependencies = (
				E1E970BA2110334700C486EF /* PBXTargetDependency */,
			);
			name = Rx_day1UITests;
			productName = Rx_day1UITests;
			productReference = E1E970B82110334700C486EF /* Rx_day1UITests.xctest */;
			productType = "com.apple.product-type.bundle.ui-testing";
		};
/* End PBXNativeTarget section */

/* Begin PBXProject section */
		E1E970912110334600C486EF /* Project object */ = {
			isa = PBXProject;
			attributes = {
				LastSwiftUpdateCheck = 0940;
				LastUpgradeCheck = 0940;
				ORGANIZATIONNAME = "何泽的mac";
				TargetAttributes = {
					E1E970982110334600C486EF = {
						CreatedOnToolsVersion = 9.4.1;
					};
					E1E970AC2110334700C486EF = {
						CreatedOnToolsVersion = 9.4.1;
						TestTargetID = E1E970982110334600C486EF;
					};
					E1E970B72110334700C486EF = {
						CreatedOnToolsVersion = 9.4.1;
						TestTargetID = E1E970982110334600C486EF;
					};
				};
			};
			buildConfigurationList = E1E970942110334600C486EF /* Build configuration list for PBXProject "Rx_day1" */;
			compatibilityVersion = "Xcode 9.3";
			developmentRegion = en;
			hasScannedForEncodings = 0;
			knownRegions = (
				en,
				Base,
			);
			mainGroup = E1E970902110334600C486EF;
			productRefGroup = E1E9709A2110334600C486EF /* Products */;
			projectDirPath = "";
			projectRoot = "";
			targets = (
				E1E970982110334600C486EF /* Rx_day1 */,
				E1E970AC2110334700C486EF /* Rx_day1Tests */,
				E1E970B72110334700C486EF /* Rx_day1UITests */,
			);
		};
/* End PBXProject section */

/* Begin PBXResourcesBuildPhase section */
		E1E970972110334600C486EF /* Resources */ = {
			isa = PBXResourcesBuildPhase;
			buildActionMask = 2147483647;
			files = (
				E16963932111A44300195881 /* PDFViewController.xib in Resources */,
				E1E970A72110334600C486EF /* LaunchScreen.storyboard in Resources */,
				E1E970A42110334600C486EF /* Assets.xcassets in Resources */,
				E16963972111A9E000195881 /* PDF.pdf in Resources */,
				E1E970A22110334600C486EF /* Main.storyboard in Resources */,
				E169638F211041C700195881 /* SimpleValidationViewController.xib in Resources */,
			);
			runOnlyForDeploymentPostprocessing = 0;
		};
		E1E970AB2110334700C486EF /* Resources */ = {
			isa = PBXResourcesBuildPhase;
			buildActionMask = 2147483647;
			files = (
			);
			runOnlyForDeploymentPostprocessing = 0;
		};
		E1E970B62110334700C486EF /* Resources */ = {
			isa = PBXResourcesBuildPhase;
			buildActionMask = 2147483647;
			files = (
			);
			runOnlyForDeploymentPostprocessing = 0;
		};
/* End PBXResourcesBuildPhase section */

/* Begin PBXShellScriptBuildPhase section */
		1FF9A54709E32F127EF2630F /* [CP] Check Pods Manifest.lock */ = {
			isa = PBXShellScriptBuildPhase;
			buildActionMask = 2147483647;
			files = (
			);
			inputPaths = (
				"${PODS_PODFILE_DIR_PATH}/Podfile.lock",
				"${PODS_ROOT}/Manifest.lock",
			);
			name = "[CP] Check Pods Manifest.lock";
			outputPaths = (
				"$(DERIVED_FILE_DIR)/Pods-Rx_day1Tests-checkManifestLockResult.txt",
			);
			runOnlyForDeploymentPostprocessing = 0;
			shellPath = /bin/sh;
			shellScript = "diff \"${PODS_PODFILE_DIR_PATH}/Podfile.lock\" \"${PODS_ROOT}/Manifest.lock\" > /dev/null\nif [ $? != 0 ] ; then\n    # print error to STDERR\n    echo \"error: The sandbox is not in sync with the Podfile.lock. Run 'pod install' or update your CocoaPods installation.\" >&2\n    exit 1\nfi\n# This output is used by Xcode 'outputs' to avoid re-running this script phase.\necho \"SUCCESS\" > \"${SCRIPT_OUTPUT_FILE_0}\"\n";
			showEnvVarsInLog = 0;
		};
		33AEFFAAF2A11C8F43E2CD6F /* [CP] Embed Pods Frameworks */ = {
			isa = PBXShellScriptBuildPhase;
			buildActionMask = 2147483647;
			files = (
			);
			inputPaths = (
				"${SRCROOT}/Pods/Target Support Files/Pods-Rx_day1/Pods-Rx_day1-frameworks.sh",
				"${BUILT_PRODUCTS_DIR}/Alamofire/Alamofire.framework",
				"${BUILT_PRODUCTS_DIR}/Differentiator/Differentiator.framework",
				"${BUILT_PRODUCTS_DIR}/MBProgressHUD/MBProgressHUD.framework",
				"${BUILT_PRODUCTS_DIR}/MJRefresh/MJRefresh.framework",
				"${BUILT_PRODUCTS_DIR}/Moya/Moya.framework",
				"${BUILT_PRODUCTS_DIR}/NSObject+Rx/NSObject_Rx.framework",
				"${BUILT_PRODUCTS_DIR}/Result/Result.framework",
				"${BUILT_PRODUCTS_DIR}/RxCocoa/RxCocoa.framework",
				"${BUILT_PRODUCTS_DIR}/RxDataSources/RxDataSources.framework",
				"${BUILT_PRODUCTS_DIR}/RxGesture/RxGesture.framework",
				"${BUILT_PRODUCTS_DIR}/RxSwift/RxSwift.framework",
				"${BUILT_PRODUCTS_DIR}/SnapKit/SnapKit.framework",
				"${BUILT_PRODUCTS_DIR}/SwiftyJSON/SwiftyJSON.framework",
				"${BUILT_PRODUCTS_DIR}/Then/Then.framework",
			);
			name = "[CP] Embed Pods Frameworks";
			outputPaths = (
				"${TARGET_BUILD_DIR}/${FRAMEWORKS_FOLDER_PATH}/Alamofire.framework",
				"${TARGET_BUILD_DIR}/${FRAMEWORKS_FOLDER_PATH}/Differentiator.framework",
				"${TARGET_BUILD_DIR}/${FRAMEWORKS_FOLDER_PATH}/MBProgressHUD.framework",
				"${TARGET_BUILD_DIR}/${FRAMEWORKS_FOLDER_PATH}/MJRefresh.framework",
				"${TARGET_BUILD_DIR}/${FRAMEWORKS_FOLDER_PATH}/Moya.framework",
				"${TARGET_BUILD_DIR}/${FRAMEWORKS_FOLDER_PATH}/NSObject_Rx.framework",
				"${TARGET_BUILD_DIR}/${FRAMEWORKS_FOLDER_PATH}/Result.framework",
				"${TARGET_BUILD_DIR}/${FRAMEWORKS_FOLDER_PATH}/RxCocoa.framework",
				"${TARGET_BUILD_DIR}/${FRAMEWORKS_FOLDER_PATH}/RxDataSources.framework",
				"${TARGET_BUILD_DIR}/${FRAMEWORKS_FOLDER_PATH}/RxGesture.framework",
				"${TARGET_BUILD_DIR}/${FRAMEWORKS_FOLDER_PATH}/RxSwift.framework",
				"${TARGET_BUILD_DIR}/${FRAMEWORKS_FOLDER_PATH}/SnapKit.framework",
				"${TARGET_BUILD_DIR}/${FRAMEWORKS_FOLDER_PATH}/SwiftyJSON.framework",
				"${TARGET_BUILD_DIR}/${FRAMEWORKS_FOLDER_PATH}/Then.framework",
			);
			runOnlyForDeploymentPostprocessing = 0;
			shellPath = /bin/sh;
			shellScript = "\"${SRCROOT}/Pods/Target Support Files/Pods-Rx_day1/Pods-Rx_day1-frameworks.sh\"\n";
			showEnvVarsInLog = 0;
		};
		765BC53F97D4EFC083B321BC /* [CP] Check Pods Manifest.lock */ = {
			isa = PBXShellScriptBuildPhase;
			buildActionMask = 2147483647;
			files = (
			);
			inputPaths = (
				"${PODS_PODFILE_DIR_PATH}/Podfile.lock",
				"${PODS_ROOT}/Manifest.lock",
			);
			name = "[CP] Check Pods Manifest.lock";
			outputPaths = (
				"$(DERIVED_FILE_DIR)/Pods-Rx_day1UITests-checkManifestLockResult.txt",
			);
			runOnlyForDeploymentPostprocessing = 0;
			shellPath = /bin/sh;
			shellScript = "diff \"${PODS_PODFILE_DIR_PATH}/Podfile.lock\" \"${PODS_ROOT}/Manifest.lock\" > /dev/null\nif [ $? != 0 ] ; then\n    # print error to STDERR\n    echo \"error: The sandbox is not in sync with the Podfile.lock. Run 'pod install' or update your CocoaPods installation.\" >&2\n    exit 1\nfi\n# This output is used by Xcode 'outputs' to avoid re-running this script phase.\necho \"SUCCESS\" > \"${SCRIPT_OUTPUT_FILE_0}\"\n";
			showEnvVarsInLog = 0;
		};
		9408F2A43810DF3A83F58C4A /* [CP] Embed Pods Frameworks */ = {
			isa = PBXShellScriptBuildPhase;
			buildActionMask = 2147483647;
			files = (
			);
			inputPaths = (
				"${SRCROOT}/Pods/Target Support Files/Pods-Rx_day1Tests/Pods-Rx_day1Tests-frameworks.sh",
				"${BUILT_PRODUCTS_DIR}/RxSwift/RxSwift.framework",
				"${BUILT_PRODUCTS_DIR}/RxBlocking/RxBlocking.framework",
				"${BUILT_PRODUCTS_DIR}/RxTest/RxTest.framework",
			);
			name = "[CP] Embed Pods Frameworks";
			outputPaths = (
				"${TARGET_BUILD_DIR}/${FRAMEWORKS_FOLDER_PATH}/RxSwift.framework",
				"${TARGET_BUILD_DIR}/${FRAMEWORKS_FOLDER_PATH}/RxBlocking.framework",
				"${TARGET_BUILD_DIR}/${FRAMEWORKS_FOLDER_PATH}/RxTest.framework",
			);
			runOnlyForDeploymentPostprocessing = 0;
			shellPath = /bin/sh;
			shellScript = "\"${SRCROOT}/Pods/Target Support Files/Pods-Rx_day1Tests/Pods-Rx_day1Tests-frameworks.sh\"\n";
			showEnvVarsInLog = 0;
		};
		B6EDB6C9C43CE9C966D54234 /* [CP] Check Pods Manifest.lock */ = {
			isa = PBXShellScriptBuildPhase;
			buildActionMask = 2147483647;
			files = (
			);
			inputPaths = (
				"${PODS_PODFILE_DIR_PATH}/Podfile.lock",
				"${PODS_ROOT}/Manifest.lock",
			);
			name = "[CP] Check Pods Manifest.lock";
			outputPaths = (
				"$(DERIVED_FILE_DIR)/Pods-Rx_day1-checkManifestLockResult.txt",
			);
			runOnlyForDeploymentPostprocessing = 0;
			shellPath = /bin/sh;
			shellScript = "diff \"${PODS_PODFILE_DIR_PATH}/Podfile.lock\" \"${PODS_ROOT}/Manifest.lock\" > /dev/null\nif [ $? != 0 ] ; then\n    # print error to STDERR\n    echo \"error: The sandbox is not in sync with the Podfile.lock. Run 'pod install' or update your CocoaPods installation.\" >&2\n    exit 1\nfi\n# This output is used by Xcode 'outputs' to avoid re-running this script phase.\necho \"SUCCESS\" > \"${SCRIPT_OUTPUT_FILE_0}\"\n";
			showEnvVarsInLog = 0;
		};
/* End PBXShellScriptBuildPhase section */

/* Begin PBXSourcesBuildPhase section */
		E1E970952110334600C486EF /* Sources */ = {
			isa = PBXSourcesBuildPhase;
			buildActionMask = 2147483647;
			files = (
				E1D5C83D214A53A100B0711B /* CADImageCrop.swift in Sources */,
				E1E9709F2110334600C486EF /* ViewController.swift in Sources */,
				E19979512134F6D1003D773B /* MusicViewController.swift in Sources */,
				E1E970CD2110349300C486EF /* MusicModel.swift in Sources */,
				E169D96C21C9F2C800FA6CEE /* MJRefresh+Rx.swift in Sources */,
				E1E9709D2110334600C486EF /* AppDelegate.swift in Sources */,
				E1D5C84C214B5DD200B0711B /* MBProgressHUD+CAD.swift in Sources */,
				E1D5C846214A9D5E00B0711B /* RequestAlertPlugin.swift in Sources */,
				E1D5C8392149451E00B0711B /* MoyaNetwork.swift in Sources */,
				E1D5C84A214B592B00B0711B /* MBProgressHUD+Add.m in Sources */,
				E10BE31C2147E8E500FE7B80 /* MoyaViewController.swift in Sources */,
				E10BE31E2147EB1400FE7B80 /* DouBanAPI.swift in Sources */,
				E169D96E21CA1B2300FA6CEE /* RxMJRefreshViewController.swift in Sources */,
				E169D97321CA1CF900FA6CEE /* ViewModel.swift in Sources */,
				E16963922111A44300195881 /* PDFViewController.swift in Sources */,
				E1D5C837214936BA00B0711B /* HttpbinAPI.swift in Sources */,
				E1E970CC2110349300C486EF /* MusicListViewModel.swift in Sources */,
				E169638E211041C700195881 /* SimpleValidationViewController.swift in Sources */,
				E1D5C83B2149F86800B0711B /* MyServiceAPI.swift in Sources */,
				E1090A10213D1301008094BF /* RxDay3ViewController.swift in Sources */,
				E169D97121CA1B9700FA6CEE /* RefreshService.swift in Sources */,
			);
			runOnlyForDeploymentPostprocessing = 0;
		};
		E1E970A92110334700C486EF /* Sources */ = {
			isa = PBXSourcesBuildPhase;
			buildActionMask = 2147483647;
			files = (
				E1E970B22110334700C486EF /* Rx_day1Tests.swift in Sources */,
			);
			runOnlyForDeploymentPostprocessing = 0;
		};
		E1E970B42110334700C486EF /* Sources */ = {
			isa = PBXSourcesBuildPhase;
			buildActionMask = 2147483647;
			files = (
				E1E970BD2110334700C486EF /* Rx_day1UITests.swift in Sources */,
			);
			runOnlyForDeploymentPostprocessing = 0;
		};
/* End PBXSourcesBuildPhase section */

/* Begin PBXTargetDependency section */
		E1E970AF2110334700C486EF /* PBXTargetDependency */ = {
			isa = PBXTargetDependency;
			target = E1E970982110334600C486EF /* Rx_day1 */;
			targetProxy = E1E970AE2110334700C486EF /* PBXContainerItemProxy */;
		};
		E1E970BA2110334700C486EF /* PBXTargetDependency */ = {
			isa = PBXTargetDependency;
			target = E1E970982110334600C486EF /* Rx_day1 */;
			targetProxy = E1E970B92110334700C486EF /* PBXContainerItemProxy */;
		};
/* End PBXTargetDependency section */

/* Begin PBXVariantGroup section */
		E1E970A02110334600C486EF /* Main.storyboard */ = {
			isa = PBXVariantGroup;
			children = (
				E1E970A12110334600C486EF /* Base */,
			);
			name = Main.storyboard;
			sourceTree = "<group>";
		};
		E1E970A52110334600C486EF /* LaunchScreen.storyboard */ = {
			isa = PBXVariantGroup;
			children = (
				E1E970A62110334600C486EF /* Base */,
			);
			name = LaunchScreen.storyboard;
			sourceTree = "<group>";
		};
/* End PBXVariantGroup section */

/* Begin XCBuildConfiguration section */
		E1E970BF2110334700C486EF /* Debug */ = {
			isa = XCBuildConfiguration;
			buildSettings = {
				ALWAYS_SEARCH_USER_PATHS = NO;
				CLANG_ANALYZER_NONNULL = YES;
				CLANG_ANALYZER_NUMBER_OBJECT_CONVERSION = YES_AGGRESSIVE;
				CLANG_CXX_LANGUAGE_STANDARD = "gnu++14";
				CLANG_CXX_LIBRARY = "libc++";
				CLANG_ENABLE_MODULES = YES;
				CLANG_ENABLE_OBJC_ARC = YES;
				CLANG_ENABLE_OBJC_WEAK = YES;
				CLANG_WARN_BLOCK_CAPTURE_AUTORELEASING = YES;
				CLANG_WARN_BOOL_CONVERSION = YES;
				CLANG_WARN_COMMA = YES;
				CLANG_WARN_CONSTANT_CONVERSION = YES;
				CLANG_WARN_DEPRECATED_OBJC_IMPLEMENTATIONS = YES;
				CLANG_WARN_DIRECT_OBJC_ISA_USAGE = YES_ERROR;
				CLANG_WARN_DOCUMENTATION_COMMENTS = YES;
				CLANG_WARN_EMPTY_BODY = YES;
				CLANG_WARN_ENUM_CONVERSION = YES;
				CLANG_WARN_INFINITE_RECURSION = YES;
				CLANG_WARN_INT_CONVERSION = YES;
				CLANG_WARN_NON_LITERAL_NULL_CONVERSION = YES;
				CLANG_WARN_OBJC_IMPLICIT_RETAIN_SELF = YES;
				CLANG_WARN_OBJC_LITERAL_CONVERSION = YES;
				CLANG_WARN_OBJC_ROOT_CLASS = YES_ERROR;
				CLANG_WARN_RANGE_LOOP_ANALYSIS = YES;
				CLANG_WARN_STRICT_PROTOTYPES = YES;
				CLANG_WARN_SUSPICIOUS_MOVE = YES;
				CLANG_WARN_UNGUARDED_AVAILABILITY = YES_AGGRESSIVE;
				CLANG_WARN_UNREACHABLE_CODE = YES;
				CLANG_WARN__DUPLICATE_METHOD_MATCH = YES;
				CODE_SIGN_IDENTITY = "iPhone Developer";
				COPY_PHASE_STRIP = NO;
				DEBUG_INFORMATION_FORMAT = dwarf;
				ENABLE_STRICT_OBJC_MSGSEND = YES;
				ENABLE_TESTABILITY = YES;
				GCC_C_LANGUAGE_STANDARD = gnu11;
				GCC_DYNAMIC_NO_PIC = NO;
				GCC_NO_COMMON_BLOCKS = YES;
				GCC_OPTIMIZATION_LEVEL = 0;
				GCC_PREPROCESSOR_DEFINITIONS = (
					"DEBUG=1",
					"$(inherited)",
				);
				GCC_WARN_64_TO_32_BIT_CONVERSION = YES;
				GCC_WARN_ABOUT_RETURN_TYPE = YES_ERROR;
				GCC_WARN_UNDECLARED_SELECTOR = YES;
				GCC_WARN_UNINITIALIZED_AUTOS = YES_AGGRESSIVE;
				GCC_WARN_UNUSED_FUNCTION = YES;
				GCC_WARN_UNUSED_VARIABLE = YES;
				IPHONEOS_DEPLOYMENT_TARGET = 11.4;
				MTL_ENABLE_DEBUG_INFO = YES;
				ONLY_ACTIVE_ARCH = YES;
				SDKROOT = iphoneos;
				SWIFT_ACTIVE_COMPILATION_CONDITIONS = DEBUG;
				SWIFT_OPTIMIZATION_LEVEL = "-Onone";
			};
			name = Debug;
		};
		E1E970C02110334700C486EF /* Release */ = {
			isa = XCBuildConfiguration;
			buildSettings = {
				ALWAYS_SEARCH_USER_PATHS = NO;
				CLANG_ANALYZER_NONNULL = YES;
				CLANG_ANALYZER_NUMBER_OBJECT_CONVERSION = YES_AGGRESSIVE;
				CLANG_CXX_LANGUAGE_STANDARD = "gnu++14";
				CLANG_CXX_LIBRARY = "libc++";
				CLANG_ENABLE_MODULES = YES;
				CLANG_ENABLE_OBJC_ARC = YES;
				CLANG_ENABLE_OBJC_WEAK = YES;
				CLANG_WARN_BLOCK_CAPTURE_AUTORELEASING = YES;
				CLANG_WARN_BOOL_CONVERSION = YES;
				CLANG_WARN_COMMA = YES;
				CLANG_WARN_CONSTANT_CONVERSION = YES;
				CLANG_WARN_DEPRECATED_OBJC_IMPLEMENTATIONS = YES;
				CLANG_WARN_DIRECT_OBJC_ISA_USAGE = YES_ERROR;
				CLANG_WARN_DOCUMENTATION_COMMENTS = YES;
				CLANG_WARN_EMPTY_BODY = YES;
				CLANG_WARN_ENUM_CONVERSION = YES;
				CLANG_WARN_INFINITE_RECURSION = YES;
				CLANG_WARN_INT_CONVERSION = YES;
				CLANG_WARN_NON_LITERAL_NULL_CONVERSION = YES;
				CLANG_WARN_OBJC_IMPLICIT_RETAIN_SELF = YES;
				CLANG_WARN_OBJC_LITERAL_CONVERSION = YES;
				CLANG_WARN_OBJC_ROOT_CLASS = YES_ERROR;
				CLANG_WARN_RANGE_LOOP_ANALYSIS = YES;
				CLANG_WARN_STRICT_PROTOTYPES = YES;
				CLANG_WARN_SUSPICIOUS_MOVE = YES;
				CLANG_WARN_UNGUARDED_AVAILABILITY = YES_AGGRESSIVE;
				CLANG_WARN_UNREACHABLE_CODE = YES;
				CLANG_WARN__DUPLICATE_METHOD_MATCH = YES;
				CODE_SIGN_IDENTITY = "iPhone Developer";
				COPY_PHASE_STRIP = NO;
				DEBUG_INFORMATION_FORMAT = "dwarf-with-dsym";
				ENABLE_NS_ASSERTIONS = NO;
				ENABLE_STRICT_OBJC_MSGSEND = YES;
				GCC_C_LANGUAGE_STANDARD = gnu11;
				GCC_NO_COMMON_BLOCKS = YES;
				GCC_WARN_64_TO_32_BIT_CONVERSION = YES;
				GCC_WARN_ABOUT_RETURN_TYPE = YES_ERROR;
				GCC_WARN_UNDECLARED_SELECTOR = YES;
				GCC_WARN_UNINITIALIZED_AUTOS = YES_AGGRESSIVE;
				GCC_WARN_UNUSED_FUNCTION = YES;
				GCC_WARN_UNUSED_VARIABLE = YES;
				IPHONEOS_DEPLOYMENT_TARGET = 11.4;
				MTL_ENABLE_DEBUG_INFO = NO;
				SDKROOT = iphoneos;
				SWIFT_COMPILATION_MODE = wholemodule;
				SWIFT_OPTIMIZATION_LEVEL = "-O";
				VALIDATE_PRODUCT = YES;
			};
			name = Release;
		};
		E1E970C22110334700C486EF /* Debug */ = {
			isa = XCBuildConfiguration;
			baseConfigurationReference = 312A899203A059AE44F100F9 /* Pods-Rx_day1.debug.xcconfig */;
			buildSettings = {
				ASSETCATALOG_COMPILER_APPICON_NAME = AppIcon;
				CODE_SIGN_STYLE = Automatic;
				DEVELOPMENT_TEAM = 6B3539P8YN;
				INFOPLIST_FILE = Rx_day1/Info.plist;
				IPHONEOS_DEPLOYMENT_TARGET = 9.0;
				LD_RUNPATH_SEARCH_PATHS = (
					"$(inherited)",
					"@executable_path/Frameworks",
				);
				PRODUCT_BUNDLE_IDENTIFIER = "com.cheanda.Rx-day1";
				PRODUCT_NAME = "$(TARGET_NAME)";
				SWIFT_VERSION = 3.0;
				TARGETED_DEVICE_FAMILY = 1;
			};
			name = Debug;
		};
		E1E970C32110334700C486EF /* Release */ = {
			isa = XCBuildConfiguration;
			baseConfigurationReference = 0180C7C39E95FA2C19EFA304 /* Pods-Rx_day1.release.xcconfig */;
			buildSettings = {
				ASSETCATALOG_COMPILER_APPICON_NAME = AppIcon;
				CODE_SIGN_STYLE = Automatic;
				DEVELOPMENT_TEAM = 6B3539P8YN;
				INFOPLIST_FILE = Rx_day1/Info.plist;
				IPHONEOS_DEPLOYMENT_TARGET = 9.0;
				LD_RUNPATH_SEARCH_PATHS = (
					"$(inherited)",
					"@executable_path/Frameworks",
				);
				PRODUCT_BUNDLE_IDENTIFIER = "com.cheanda.Rx-day1";
				PRODUCT_NAME = "$(TARGET_NAME)";
				SWIFT_VERSION = 3.0;
				TARGETED_DEVICE_FAMILY = 1;
			};
			name = Release;
		};
		E1E970C52110334700C486EF /* Debug */ = {
			isa = XCBuildConfiguration;
			baseConfigurationReference = 6B858A82C7232F770E18AFB3 /* Pods-Rx_day1Tests.debug.xcconfig */;
			buildSettings = {
				ALWAYS_EMBED_SWIFT_STANDARD_LIBRARIES = YES;
				BUNDLE_LOADER = "$(TEST_HOST)";
				CODE_SIGN_STYLE = Automatic;
				DEVELOPMENT_TEAM = 6B3539P8YN;
				INFOPLIST_FILE = Rx_day1Tests/Info.plist;
				LD_RUNPATH_SEARCH_PATHS = (
					"$(inherited)",
					"@executable_path/Frameworks",
					"@loader_path/Frameworks",
				);
				PRODUCT_BUNDLE_IDENTIFIER = "com.cheanda.carmonitorv1.Rx-day1Tests";
				PRODUCT_NAME = "$(TARGET_NAME)";
				SWIFT_VERSION = 3.0;
				TARGETED_DEVICE_FAMILY = "1,2";
				TEST_HOST = "$(BUILT_PRODUCTS_DIR)/Rx_day1.app/Rx_day1";
			};
			name = Debug;
		};
		E1E970C62110334700C486EF /* Release */ = {
			isa = XCBuildConfiguration;
			baseConfigurationReference = 5B020F9D240577514570CBF7 /* Pods-Rx_day1Tests.release.xcconfig */;
			buildSettings = {
				ALWAYS_EMBED_SWIFT_STANDARD_LIBRARIES = YES;
				BUNDLE_LOADER = "$(TEST_HOST)";
				CODE_SIGN_STYLE = Automatic;
				DEVELOPMENT_TEAM = 6B3539P8YN;
				INFOPLIST_FILE = Rx_day1Tests/Info.plist;
				LD_RUNPATH_SEARCH_PATHS = (
					"$(inherited)",
					"@executable_path/Frameworks",
					"@loader_path/Frameworks",
				);
				PRODUCT_BUNDLE_IDENTIFIER = "com.cheanda.carmonitorv1.Rx-day1Tests";
				PRODUCT_NAME = "$(TARGET_NAME)";
				SWIFT_VERSION = 3.0;
				TARGETED_DEVICE_FAMILY = "1,2";
				TEST_HOST = "$(BUILT_PRODUCTS_DIR)/Rx_day1.app/Rx_day1";
			};
			name = Release;
		};
		E1E970C82110334700C486EF /* Debug */ = {
			isa = XCBuildConfiguration;
			baseConfigurationReference = E2ABCCFF7C100493225136B9 /* Pods-Rx_day1UITests.debug.xcconfig */;
			buildSettings = {
				ALWAYS_EMBED_SWIFT_STANDARD_LIBRARIES = YES;
				CODE_SIGN_STYLE = Automatic;
				DEVELOPMENT_TEAM = 6B3539P8YN;
				INFOPLIST_FILE = Rx_day1UITests/Info.plist;
				LD_RUNPATH_SEARCH_PATHS = (
					"$(inherited)",
					"@executable_path/Frameworks",
					"@loader_path/Frameworks",
				);
				PRODUCT_BUNDLE_IDENTIFIER = "com.cheanda.carmonitorv1.Rx-day1UITests";
				PRODUCT_NAME = "$(TARGET_NAME)";
				SWIFT_VERSION = 3.0;
				TARGETED_DEVICE_FAMILY = "1,2";
				TEST_TARGET_NAME = Rx_day1;
			};
			name = Debug;
		};
		E1E970C92110334700C486EF /* Release */ = {
			isa = XCBuildConfiguration;
			baseConfigurationReference = F6633293B64DCFB25F15DE86 /* Pods-Rx_day1UITests.release.xcconfig */;
			buildSettings = {
				ALWAYS_EMBED_SWIFT_STANDARD_LIBRARIES = YES;
				CODE_SIGN_STYLE = Automatic;
				DEVELOPMENT_TEAM = 6B3539P8YN;
				INFOPLIST_FILE = Rx_day1UITests/Info.plist;
				LD_RUNPATH_SEARCH_PATHS = (
					"$(inherited)",
					"@executable_path/Frameworks",
					"@loader_path/Frameworks",
				);
				PRODUCT_BUNDLE_IDENTIFIER = "com.cheanda.carmonitorv1.Rx-day1UITests";
				PRODUCT_NAME = "$(TARGET_NAME)";
				SWIFT_VERSION = 3.0;
				TARGETED_DEVICE_FAMILY = "1,2";
				TEST_TARGET_NAME = Rx_day1;
			};
			name = Release;
		};
/* End XCBuildConfiguration section */

/* Begin XCConfigurationList section */
		E1E970942110334600C486EF /* Build configuration list for PBXProject "Rx_day1" */ = {
			isa = XCConfigurationList;
			buildConfigurations = (
				E1E970BF2110334700C486EF /* Debug */,
				E1E970C02110334700C486EF /* Release */,
			);
			defaultConfigurationIsVisible = 0;
			defaultConfigurationName = Release;
		};
		E1E970C12110334700C486EF /* Build configuration list for PBXNativeTarget "Rx_day1" */ = {
			isa = XCConfigurationList;
			buildConfigurations = (
				E1E970C22110334700C486EF /* Debug */,
				E1E970C32110334700C486EF /* Release */,
			);
			defaultConfigurationIsVisible = 0;
			defaultConfigurationName = Release;
		};
		E1E970C42110334700C486EF /* Build configuration list for PBXNativeTarget "Rx_day1Tests" */ = {
			isa = XCConfigurationList;
			buildConfigurations = (
				E1E970C52110334700C486EF /* Debug */,
				E1E970C62110334700C486EF /* Release */,
			);
			defaultConfigurationIsVisible = 0;
			defaultConfigurationName = Release;
		};
		E1E970C72110334700C486EF /* Build configuration list for PBXNativeTarget "Rx_day1UITests" */ = {
			isa = XCConfigurationList;
			buildConfigurations = (
				E1E970C82110334700C486EF /* Debug */,
				E1E970C92110334700C486EF /* Release */,
			);
			defaultConfigurationIsVisible = 0;
			defaultConfigurationName = Release;
		};
/* End XCConfigurationList section */
	};
	rootObject = E1E970912110334600C486EF /* Project object */;
}
